// !$*UTF8*$!
{
	archiveVersion = 1;
	classes = {
	};
	objectVersion = 46;
	objects = {

/* Begin PBXBuildFile section */
		D63A85201CBE82D700FC9D53 /* main.m in Sources */ = {isa = PBXBuildFile; fileRef = D63A851F1CBE82D700FC9D53 /* main.m */; };
		D63A85231CBE82D700FC9D53 /* AppDelegate.m in Sources */ = {isa = PBXBuildFile; fileRef = D63A85221CBE82D700FC9D53 /* AppDelegate.m */; };
		D63A85261CBE82D700FC9D53 /* ViewController.m in Sources */ = {isa = PBXBuildFile; fileRef = D63A85251CBE82D700FC9D53 /* ViewController.m */; };
		D63A85291CBE82D700FC9D53 /* Main.storyboard in Resources */ = {isa = PBXBuildFile; fileRef = D63A85271CBE82D700FC9D53 /* Main.storyboard */; };
		D63A852B1CBE82D700FC9D53 /* Assets.xcassets in Resources */ = {isa = PBXBuildFile; fileRef = D63A852A1CBE82D700FC9D53 /* Assets.xcassets */; };
		D63A852E1CBE82D700FC9D53 /* LaunchScreen.storyboard in Resources */ = {isa = PBXBuildFile; fileRef = D63A852C1CBE82D700FC9D53 /* LaunchScreen.storyboard */; };
		D63A85391CBE82D700FC9D53 /* YMYTestAutoreleaseTests.m in Sources */ = {isa = PBXBuildFile; fileRef = D63A85381CBE82D700FC9D53 /* YMYTestAutoreleaseTests.m */; };
		D63A85441CBE82D700FC9D53 /* YMYTestAutoreleaseUITests.m in Sources */ = {isa = PBXBuildFile; fileRef = D63A85431CBE82D700FC9D53 /* YMYTestAutoreleaseUITests.m */; };
/* End PBXBuildFile section */

/* Begin PBXContainerItemProxy section */
		D63A85351CBE82D700FC9D53 /* PBXContainerItemProxy */ = {
			isa = PBXContainerItemProxy;
			containerPortal = D63A85131CBE82D700FC9D53 /* Project object */;
			proxyType = 1;
			remoteGlobalIDString = D63A851A1CBE82D700FC9D53;
			remoteInfo = YMYTestAutorelease;
		};
		D63A85401CBE82D700FC9D53 /* PBXContainerItemProxy */ = {
			isa = PBXContainerItemProxy;
			containerPortal = D63A85131CBE82D700FC9D53 /* Project object */;
			proxyType = 1;
			remoteGlobalIDString = D63A851A1CBE82D700FC9D53;
			remoteInfo = YMYTestAutorelease;
		};
/* End PBXContainerItemProxy section */

/* Begin PBXFileReference section */
		D63A851B1CBE82D700FC9D53 /* YMYTestAutorelease.app */ = {isa = PBXFileReference; explicitFileType = wrapper.application; includeInIndex = 0; path = YMYTestAutorelease.app; sourceTree = BUILT_PRODUCTS_DIR; };
		D63A851F1CBE82D700FC9D53 /* main.m */ = {isa = PBXFileReference; lastKnownFileType = sourcecode.c.objc; path = main.m; sourceTree = "<group>"; };
		D63A85211CBE82D700FC9D53 /* AppDelegate.h */ = {isa = PBXFileReference; lastKnownFileType = sourcecode.c.h; path = AppDelegate.h; sourceTree = "<group>"; };
		D63A85221CBE82D700FC9D53 /* AppDelegate.m */ = {isa = PBXFileReference; lastKnownFileType = sourcecode.c.objc; path = AppDelegate.m; sourceTree = "<group>"; };
		D63A85241CBE82D700FC9D53 /* ViewController.h */ = {isa = PBXFileReference; lastKnownFileType = sourcecode.c.h; path = ViewController.h; sourceTree = "<group>"; };
		D63A85251CBE82D700FC9D53 /* ViewController.m */ = {isa = PBXFileReference; lastKnownFileType = sourcecode.c.objc; path = ViewController.m; sourceTree = "<group>"; };
		D63A85281CBE82D700FC9D53 /* Base */ = {isa = PBXFileReference; lastKnownFileType = file.storyboard; name = Base; path = Base.lproj/Main.storyboard; sourceTree = "<group>"; };
		D63A852A1CBE82D700FC9D53 /* Assets.xcassets */ = {isa = PBXFileReference; lastKnownFileType = folder.assetcatalog; path = Assets.xcassets; sourceTree = "<group>"; };
		D63A852D1CBE82D700FC9D53 /* Base */ = {isa = PBXFileReference; lastKnownFileType = file.storyboard; name = Base; path = Base.lproj/LaunchScreen.storyboard; sourceTree = "<group>"; };
		D63A852F1CBE82D700FC9D53 /* Info.plist */ = {isa = PBXFileReference; lastKnownFileType = text.plist.xml; path = Info.plist; sourceTree = "<group>"; };
		D63A85341CBE82D700FC9D53 /* YMYTestAutoreleaseTests.xctest */ = {isa = PBXFileReference; explicitFileType = wrapper.cfbundle; includeInIndex = 0; path = YMYTestAutoreleaseTests.xctest; sourceTree = BUILT_PRODUCTS_DIR; };
		D63A85381CBE82D700FC9D53 /* YMYTestAutoreleaseTests.m */ = {isa = PBXFileReference; lastKnownFileType = sourcecode.c.objc; path = YMYTestAutoreleaseTests.m; sourceTree = "<group>"; };
		D63A853A1CBE82D700FC9D53 /* Info.plist */ = {isa = PBXFileReference; lastKnownFileType = text.plist.xml; path = Info.plist; sourceTree = "<group>"; };
		D63A853F1CBE82D700FC9D53 /* YMYTestAutoreleaseUITests.xctest */ = {isa = PBXFileReference; explicitFileType = wrapper.cfbundle; includeInIndex = 0; path = YMYTestAutoreleaseUITests.xctest; sourceTree = BUILT_PRODUCTS_DIR; };
		D63A85431CBE82D700FC9D53 /* YMYTestAutoreleaseUITests.m */ = {isa = PBXFileReference; lastKnownFileType = sourcecode.c.objc; path = YMYTestAutoreleaseUITests.m; sourceTree = "<group>"; };
		D63A85451CBE82D700FC9D53 /* Info.plist */ = {isa = PBXFileReference; lastKnownFileType = text.plist.xml; path = Info.plist; sourceTree = "<group>"; };
/* End PBXFileReference section */

/* Begin PBXFrameworksBuildPhase section */
		D63A85181CBE82D700FC9D53 /* Frameworks */ = {
			isa = PBXFrameworksBuildPhase;
			buildActionMask = 2147483647;
			files = (
			);
			runOnlyForDeploymentPostprocessing = 0;
		};
		D63A85311CBE82D700FC9D53 /* Frameworks */ = {
			isa = PBXFrameworksBuildPhase;
			buildActionMask = 2147483647;
			files = (
			);
			runOnlyForDeploymentPostprocessing = 0;
		};
		D63A853C1CBE82D700FC9D53 /* Frameworks */ = {
			isa = PBXFrameworksBuildPhase;
			buildActionMask = 2147483647;
			files = (
			);
			runOnlyForDeploymentPostprocessing = 0;
		};
/* End PBXFrameworksBuildPhase section */

/* Begin PBXGroup section */
		D63A85121CBE82D700FC9D53 = {
			isa = PBXGroup;
			children = (
				D63A851D1CBE82D700FC9D53 /* YMYTestAutorelease */,
				D63A85371CBE82D700FC9D53 /* YMYTestAutoreleaseTests */,
				D63A85421CBE82D700FC9D53 /* YMYTestAutoreleaseUITests */,
				D63A851C1CBE82D700FC9D53 /* Products */,
			);
			sourceTree = "<group>";
		};
		D63A851C1CBE82D700FC9D53 /* Products */ = {
			isa = PBXGroup;
			children = (
				D63A851B1CBE82D700FC9D53 /* YMYTestAutorelease.app */,
				D63A85341CBE82D700FC9D53 /* YMYTestAutoreleaseTests.xctest */,
				D63A853F1CBE82D700FC9D53 /* YMYTestAutoreleaseUITests.xctest */,
			);
			name = Products;
			sourceTree = "<group>";
		};
		D63A851D1CBE82D700FC9D53 /* YMYTestAutorelease */ = {
			isa = PBXGroup;
			children = (
				D63A85211CBE82D700FC9D53 /* AppDelegate.h */,
				D63A85221CBE82D700FC9D53 /* AppDelegate.m */,
				D63A85241CBE82D700FC9D53 /* ViewController.h */,
				D63A85251CBE82D700FC9D53 /* ViewController.m */,
				D63A85271CBE82D700FC9D53 /* Main.storyboard */,
				D63A852A1CBE82D700FC9D53 /* Assets.xcassets */,
				D63A852C1CBE82D700FC9D53 /* LaunchScreen.storyboard */,
				D63A852F1CBE82D700FC9D53 /* Info.plist */,
				D63A851E1CBE82D700FC9D53 /* Supporting Files */,
			);
			path = YMYTestAutorelease;
			sourceTree = "<group>";
		};
		D63A851E1CBE82D700FC9D53 /* Supporting Files */ = {
			isa = PBXGroup;
			children = (
				D63A851F1CBE82D700FC9D53 /* main.m */,
			);
			name = "Supporting Files";
			sourceTree = "<group>";
		};
		D63A85371CBE82D700FC9D53 /* YMYTestAutoreleaseTests */ = {
			isa = PBXGroup;
			children = (
				D63A85381CBE82D700FC9D53 /* YMYTestAutoreleaseTests.m */,
				D63A853A1CBE82D700FC9D53 /* Info.plist */,
			);
			path = YMYTestAutoreleaseTests;
			sourceTree = "<group>";
		};
		D63A85421CBE82D700FC9D53 /* YMYTestAutoreleaseUITests */ = {
			isa = PBXGroup;
			children = (
				D63A85431CBE82D700FC9D53 /* YMYTestAutoreleaseUITests.m */,
				D63A85451CBE82D700FC9D53 /* Info.plist */,
			);
			path = YMYTestAutoreleaseUITests;
			sourceTree = "<group>";
		};
/* End PBXGroup section */

/* Begin PBXNativeTarget section */
		D63A851A1CBE82D700FC9D53 /* YMYTestAutorelease */ = {
			isa = PBXNativeTarget;
			buildConfigurationList = D63A85481CBE82D700FC9D53 /* Build configuration list for PBXNativeTarget "YMYTestAutorelease" */;
			buildPhases = (
				D63A85171CBE82D700FC9D53 /* Sources */,
				D63A85181CBE82D700FC9D53 /* Frameworks */,
				D63A85191CBE82D700FC9D53 /* Resources */,
			);
			buildRules = (
			);
			dependencies = (
			);
			name = YMYTestAutorelease;
			productName = YMYTestAutorelease;
			productReference = D63A851B1CBE82D700FC9D53 /* YMYTestAutorelease.app */;
			productType = "com.apple.product-type.application";
		};
		D63A85331CBE82D700FC9D53 /* YMYTestAutoreleaseTests */ = {
			isa = PBXNativeTarget;
			buildConfigurationList = D63A854B1CBE82D700FC9D53 /* Build configuration list for PBXNativeTarget "YMYTestAutoreleaseTests" */;
			buildPhases = (
				D63A85301CBE82D700FC9D53 /* Sources */,
				D63A85311CBE82D700FC9D53 /* Frameworks */,
				D63A85321CBE82D700FC9D53 /* Resources */,
			);
			buildRules = (
			);
			dependencies = (
				D63A85361CBE82D700FC9D53 /* PBXTargetDependency */,
			);
			name = YMYTestAutoreleaseTests;
			productName = YMYTestAutoreleaseTests;
			productReference = D63A85341CBE82D700FC9D53 /* YMYTestAutoreleaseTests.xctest */;
			productType = "com.apple.product-type.bundle.unit-test";
		};
		D63A853E1CBE82D700FC9D53 /* YMYTestAutoreleaseUITests */ = {
			isa = PBXNativeTarget;
			buildConfigurationList = D63A854E1CBE82D700FC9D53 /* Build configuration list for PBXNativeTarget "YMYTestAutoreleaseUITests" */;
			buildPhases = (
				D63A853B1CBE82D700FC9D53 /* Sources */,
				D63A853C1CBE82D700FC9D53 /* Frameworks */,
				D63A853D1CBE82D700FC9D53 /* Resources */,
			);
			buildRules = (
			);
			dependencies = (
				D63A85411CBE82D700FC9D53 /* PBXTargetDependency */,
			);
			name = YMYTestAutoreleaseUITests;
			productName = YMYTestAutoreleaseUITests;
			productReference = D63A853F1CBE82D700FC9D53 /* YMYTestAutoreleaseUITests.xctest */;
			productType = "com.apple.product-type.bundle.ui-testing";
		};
/* End PBXNativeTarget section */

/* Begin PBXProject section */
		D63A85131CBE82D700FC9D53 /* Project object */ = {
			isa = PBXProject;
			attributes = {
				LastUpgradeCheck = 0730;
				ORGANIZATIONNAME = yemingyu;
				TargetAttributes = {
					D63A851A1CBE82D700FC9D53 = {
						CreatedOnToolsVersion = 7.3;
					};
					D63A85331CBE82D700FC9D53 = {
						CreatedOnToolsVersion = 7.3;
						TestTargetID = D63A851A1CBE82D700FC9D53;
					};
					D63A853E1CBE82D700FC9D53 = {
						CreatedOnToolsVersion = 7.3;
						TestTargetID = D63A851A1CBE82D700FC9D53;
					};
				};
			};
			buildConfigurationList = D63A85161CBE82D700FC9D53 /* Build configuration list for PBXProject "YMYTestAutorelease" */;
			compatibilityVersion = "Xcode 3.2";
			developmentRegion = English;
			hasScannedForEncodings = 0;
			knownRegions = (
				en,
				Base,
			);
			mainGroup = D63A85121CBE82D700FC9D53;
			productRefGroup = D63A851C1CBE82D700FC9D53 /* Products */;
			projectDirPath = "";
			projectRoot = "";
			targets = (
				D63A851A1CBE82D700FC9D53 /* YMYTestAutorelease */,
				D63A85331CBE82D700FC9D53 /* YMYTestAutoreleaseTests */,
				D63A853E1CBE82D700FC9D53 /* YMYTestAutoreleaseUITests */,
			);
		};
/* End PBXProject section */

/* Begin PBXResourcesBuildPhase section */
		D63A85191CBE82D700FC9D53 /* Resources */ = {
			isa = PBXResourcesBuildPhase;
			buildActionMask = 2147483647;
			files = (
				D63A852E1CBE82D700FC9D53 /* LaunchScreen.storyboard in Resources */,
				D63A852B1CBE82D700FC9D53 /* Assets.xcassets in Resources */,
				D63A85291CBE82D700FC9D53 /* Main.storyboard in Resources */,
			);
			runOnlyForDeploymentPostprocessing = 0;
		};
		D63A85321CBE82D700FC9D53 /* Resources */ = {
			isa = PBXResourcesBuildPhase;
			buildActionMask = 2147483647;
			files = (
			);
			runOnlyForDeploymentPostprocessing = 0;
		};
		D63A853D1CBE82D700FC9D53 /* Resources */ = {
			isa = PBXResourcesBuildPhase;
			buildActionMask = 2147483647;
			files = (
			);
			runOnlyForDeploymentPostprocessing = 0;
		};
/* End PBXResourcesBuildPhase section */

/* Begin PBXSourcesBuildPhase section */
		D63A85171CBE82D700FC9D53 /* Sources */ = {
			isa = PBXSourcesBuildPhase;
			buildActionMask = 2147483647;
			files = (
				D63A85261CBE82D700FC9D53 /* ViewController.m in Sources */,
				D63A85231CBE82D700FC9D53 /* AppDelegate.m in Sources */,
				D63A85201CBE82D700FC9D53 /* main.m in Sources */,
			);
			runOnlyForDeploymentPostprocessing = 0;
		};
		D63A85301CBE82D700FC9D53 /* Sources */ = {
			isa = PBXSourcesBuildPhase;
			buildActionMask = 2147483647;
			files = (
				D63A85391CBE82D700FC9D53 /* YMYTestAutoreleaseTests.m in Sources */,
			);
			runOnlyForDeploymentPostprocessing = 0;
		};
		D63A853B1CBE82D700FC9D53 /* Sources */ = {
			isa = PBXSourcesBuildPhase;
			buildActionMask = 2147483647;
			files = (
				D63A85441CBE82D700FC9D53 /* YMYTestAutoreleaseUITests.m in Sources */,
			);
			runOnlyForDeploymentPostprocessing = 0;
		};
/* End PBXSourcesBuildPhase section */

/* Begin PBXTargetDependency section */
		D63A85361CBE82D700FC9D53 /* PBXTargetDependency */ = {
			isa = PBXTargetDependency;
			target = D63A851A1CBE82D700FC9D53 /* YMYTestAutorelease */;
			targetProxy = D63A85351CBE82D700FC9D53 /* PBXContainerItemProxy */;
		};
		D63A85411CBE82D700FC9D53 /* PBXTargetDependency */ = {
			isa = PBXTargetDependency;
			target = D63A851A1CBE82D700FC9D53 /* YMYTestAutorelease */;
			targetProxy = D63A85401CBE82D700FC9D53 /* PBXContainerItemProxy */;
		};
/* End PBXTargetDependency section */

/* Begin PBXVariantGroup section */
		D63A85271CBE82D700FC9D53 /* Main.storyboard */ = {
			isa = PBXVariantGroup;
			children = (
				D63A85281CBE82D700FC9D53 /* Base */,
			);
			name = Main.storyboard;
			sourceTree = "<group>";
		};
		D63A852C1CBE82D700FC9D53 /* LaunchScreen.storyboard */ = {
			isa = PBXVariantGroup;
			children = (
				D63A852D1CBE82D700FC9D53 /* Base */,
			);
			name = LaunchScreen.storyboard;
			sourceTree = "<group>";
		};
/* End PBXVariantGroup section */

/* Begin XCBuildConfiguration section */
		D63A85461CBE82D700FC9D53 /* Debug */ = {
			isa = XCBuildConfiguration;
			buildSettings = {
				ALWAYS_SEARCH_USER_PATHS = NO;
				CLANG_ANALYZER_NONNULL = YES;
				CLANG_CXX_LANGUAGE_STANDARD = "gnu++0x";
				CLANG_CXX_LIBRARY = "libc++";
				CLANG_ENABLE_MODULES = YES;
				CLANG_ENABLE_OBJC_ARC = YES;
				CLANG_WARN_BOOL_CONVERSION = YES;
				CLANG_WARN_CONSTANT_CONVERSION = YES;
				CLANG_WARN_DIRECT_OBJC_ISA_USAGE = YES_ERROR;
				CLANG_WARN_EMPTY_BODY = YES;
				CLANG_WARN_ENUM_CONVERSION = YES;
				CLANG_WARN_INT_CONVERSION = YES;
				CLANG_WARN_OBJC_ROOT_CLASS = YES_ERROR;
				CLANG_WARN_UNREACHABLE_CODE = YES;
				CLANG_WARN__DUPLICATE_METHOD_MATCH = YES;
				"CODE_SIGN_IDENTITY[sdk=iphoneos*]" = "iPhone Developer";
				COPY_PHASE_STRIP = NO;
				DEBUG_INFORMATION_FORMAT = dwarf;
				ENABLE_STRICT_OBJC_MSGSEND = YES;
				ENABLE_TESTABILITY = YES;
				GCC_C_LANGUAGE_STANDARD = gnu99;
				GCC_DYNAMIC_NO_PIC = NO;
				GCC_NO_COMMON_BLOCKS = YES;
				GCC_OPTIMIZATION_LEVEL = 0;
				GCC_PREPROCESSOR_DEFINITIONS = (
					"DEBUG=1",
					"$(inherited)",
				);
				GCC_WARN_64_TO_32_BIT_CONVERSION = YES;
				GCC_WARN_ABOUT_RETURN_TYPE = YES_ERROR;
				GCC_WARN_UNDECLARED_SELECTOR = YES;
				GCC_WARN_UNINITIALIZED_AUTOS = YES_AGGRESSIVE;
				GCC_WARN_UNUSED_FUNCTION = YES;
				GCC_WARN_UNUSED_VARIABLE = YES;
				IPHONEOS_DEPLOYMENT_TARGET = 9.3;
				MTL_ENABLE_DEBUG_INFO = YES;
				ONLY_ACTIVE_ARCH = YES;
				SDKROOT = iphoneos;
			};
			name = Debug;
		};
		D63A85471CBE82D700FC9D53 /* Release */ = {
			isa = XCBuildConfiguration;
			buildSettings = {
				ALWAYS_SEARCH_USER_PATHS = NO;
				CLANG_ANALYZER_NONNULL = YES;
				CLANG_CXX_LANGUAGE_STANDARD = "gnu++0x";
				CLANG_CXX_LIBRARY = "libc++";
				CLANG_ENABLE_MODULES = YES;
				CLANG_ENABLE_OBJC_ARC = YES;
				CLANG_WARN_BOOL_CONVERSION = YES;
				CLANG_WARN_CONSTANT_CONVERSION = YES;
				CLANG_WARN_DIRECT_OBJC_ISA_USAGE = YES_ERROR;
				CLANG_WARN_EMPTY_BODY = YES;
				CLANG_WARN_ENUM_CONVERSION = YES;
				CLANG_WARN_INT_CONVERSION = YES;
				CLANG_WARN_OBJC_ROOT_CLASS = YES_ERROR;
				CLANG_WARN_UNREACHABLE_CODE = YES;
				CLANG_WARN__DUPLICATE_METHOD_MATCH = YES;
				"CODE_SIGN_IDENTITY[sdk=iphoneos*]" = "iPhone Developer";
				COPY_PHASE_STRIP = NO;
				DEBUG_INFORMATION_FORMAT = "dwarf-with-dsym";
				ENABLE_NS_ASSERTIONS = NO;
				ENABLE_STRICT_OBJC_MSGSEND = YES;
				GCC_C_LANGUAGE_STANDARD = gnu99;
				GCC_NO_COMMON_BLOCKS = YES;
				GCC_WARN_64_TO_32_BIT_CONVERSION = YES;
				GCC_WARN_ABOUT_RETURN_TYPE = YES_ERROR;
				GCC_WARN_UNDECLARED_SELECTOR = YES;
				GCC_WARN_UNINITIALIZED_AUTOS = YES_AGGRESSIVE;
				GCC_WARN_UNUSED_FUNCTION = YES;
				GCC_WARN_UNUSED_VARIABLE = YES;
				IPHONEOS_DEPLOYMENT_TARGET = 9.3;
				MTL_ENABLE_DEBUG_INFO = NO;
				SDKROOT = iphoneos;
				VALIDATE_PRODUCT = YES;
			};
			name = Release;
		};
		D63A85491CBE82D700FC9D53 /* Debug */ = {
			isa = XCBuildConfiguration;
			buildSettings = {
				ASSETCATALOG_COMPILER_APPICON_NAME = AppIcon;
				INFOPLIST_FILE = YMYTestAutorelease/Info.plist;
				LD_RUNPATH_SEARCH_PATHS = "$(inherited) @executable_path/Frameworks";
				PRODUCT_BUNDLE_IDENTIFIER = com.yemingyu.YMYTestAutorelease;
				PRODUCT_NAME = "$(TARGET_NAME)";
			};
			name = Debug;
		};
		D63A854A1CBE82D700FC9D53 /* Release */ = {
			isa = XCBuildConfiguration;
			buildSettings = {
				ASSETCATALOG_COMPILER_APPICON_NAME = AppIcon;
				INFOPLIST_FILE = YMYTestAutorelease/Info.plist;
				LD_RUNPATH_SEARCH_PATHS = "$(inherited) @executable_path/Frameworks";
				PRODUCT_BUNDLE_IDENTIFIER = com.yemingyu.YMYTestAutorelease;
				PRODUCT_NAME = "$(TARGET_NAME)";
			};
			name = Release;
		};
		D63A854C1CBE82D700FC9D53 /* Debug */ = {
			isa = XCBuildConfiguration;
			buildSettings = {
				BUNDLE_LOADER = "$(TEST_HOST)";
				INFOPLIST_FILE = YMYTestAutoreleaseTests/Info.plist;
				LD_RUNPATH_SEARCH_PATHS = "$(inherited) @executable_path/Frameworks @loader_path/Frameworks";
				PRODUCT_BUNDLE_IDENTIFIER = com.yemingyu.YMYTestAutoreleaseTests;
				PRODUCT_NAME = "$(TARGET_NAME)";
				TEST_HOST = "$(BUILT_PRODUCTS_DIR)/YMYTestAutorelease.app/YMYTestAutorelease";
			};
			name = Debug;
		};
		D63A854D1CBE82D700FC9D53 /* Release */ = {
			isa = XCBuildConfiguration;
			buildSettings = {
				BUNDLE_LOADER = "$(TEST_HOST)";
				INFOPLIST_FILE = YMYTestAutoreleaseTests/Info.plist;
				LD_RUNPATH_SEARCH_PATHS = "$(inherited) @executable_path/Frameworks @loader_path/Frameworks";
				PRODUCT_BUNDLE_IDENTIFIER = com.yemingyu.YMYTestAutoreleaseTests;
				PRODUCT_NAME = "$(TARGET_NAME)";
				TEST_HOST = "$(BUILT_PRODUCTS_DIR)/YMYTestAutorelease.app/YMYTestAutorelease";
			};
			name = Release;
		};
		D63A854F1CBE82D700FC9D53 /* Debug */ = {
			isa = XCBuildConfiguration;
			buildSettings = {
				INFOPLIST_FILE = YMYTestAutoreleaseUITests/Info.plist;
				LD_RUNPATH_SEARCH_PATHS = "$(inherited) @executable_path/Frameworks @loader_path/Frameworks";
				PRODUCT_BUNDLE_IDENTIFIER = com.yemingyu.YMYTestAutoreleaseUITests;
				PRODUCT_NAME = "$(TARGET_NAME)";
				TEST_TARGET_NAME = YMYTestAutorelease;
			};
			name = Debug;
		};
		D63A85501CBE82D700FC9D53 /* Release */ = {
			isa = XCBuildConfiguration;
			buildSettings = {
				INFOPLIST_FILE = YMYTestAutoreleaseUITests/Info.plist;
				LD_RUNPATH_SEARCH_PATHS = "$(inherited) @executable_path/Frameworks @loader_path/Frameworks";
				PRODUCT_BUNDLE_IDENTIFIER = com.yemingyu.YMYTestAutoreleaseUITests;
				PRODUCT_NAME = "$(TARGET_NAME)";
				TEST_TARGET_NAME = YMYTestAutorelease;
			};
			name = Release;
		};
/* End XCBuildConfiguration section */

/* Begin XCConfigurationList section */
		D63A85161CBE82D700FC9D53 /* Build configuration list for PBXProject "YMYTestAutorelease" */ = {
			isa = XCConfigurationList;
			buildConfigurations = (
				D63A85461CBE82D700FC9D53 /* Debug */,
				D63A85471CBE82D700FC9D53 /* Release */,
			);
			defaultConfigurationIsVisible = 0;
			defaultConfigurationName = Release;
		};
		D63A85481CBE82D700FC9D53 /* Build configuration list for PBXNativeTarget "YMYTestAutorelease" */ = {
			isa = XCConfigurationList;
			buildConfigurations = (
				D63A85491CBE82D700FC9D53 /* Debug */,
				D63A854A1CBE82D700FC9D53 /* Release */,
			);
			defaultConfigurationIsVisible = 0;
		};
		D63A854B1CBE82D700FC9D53 /* Build configuration list for PBXNativeTarget "YMYTestAutoreleaseTests" */ = {
			isa = XCConfigurationList;
			buildConfigurations = (
				D63A854C1CBE82D700FC9D53 /* Debug */,
				D63A854D1CBE82D700FC9D53 /* Release */,
			);
			defaultConfigurationIsVisible = 0;
		};
		D63A854E1CBE82D700FC9D53 /* Build configuration list for PBXNativeTarget "YMYTestAutoreleaseUITests" */ = {
			isa = XCConfigurationList;
			buildConfigurations = (
				D63A854F1CBE82D700FC9D53 /* Debug */,
				D63A85501CBE82D700FC9D53 /* Release */,
			);
			defaultConfigurationIsVisible = 0;
		};
/* End XCConfigurationList section */
	};
	rootObject = D63A85131CBE82D700FC9D53 /* Project object */;
}
